
Microsoft Visual Studio Solution File, Format Version 12.00
# Visual Studio Version 17
VisualStudioVersion = 17.3.32819.101
MinimumVisualStudioVersion = 10.0.40219.1
Project("{FAE04EC0-301F-11D3-BF4B-00C04F79EFBC}") = "Client", "Client\Client.csproj", "{3FBBBBCD-56C9-4DD8-BF90-6DB08534628D}"
EndProject
Project("{FAE04EC0-301F-11D3-BF4B-00C04F79EFBC}") = "Server", "Server\Server.csproj", "{28A640C0-1050-4ED0-9575-D2DBBA4782F3}"
EndProject
Global
	GlobalSection(SolutionConfigurationPlatforms) = preSolution
		Debug|Any CPU = Debug|Any CPU
		Release|Any CPU = Release|Any CPU
	EndGlobalSection
	GlobalSection(ProjectConfigurationPlatforms) = postSolution
		{3FBBBBCD-56C9-4DD8-BF90-6DB08534628D}.Debug|Any CPU.ActiveCfg = Debug|Any CPU
		{3FBBBBCD-56C9-4DD8-BF90-6DB08534628D}.Debug|Any CPU.Build.0 = Debug|Any CPU
		{3FBBBBCD-56C9-4DD8-BF90-6DB08534628D}.Release|Any CPU.ActiveCfg = Release|Any CPU
		{3FBBBBCD-56C9-4DD8-BF90-6DB08534628D}.Release|Any CPU.Build.0 = Release|Any CPU
		{28A640C0-1050-4ED0-9575-D2DBBA4782F3}.Debug|Any CPU.ActiveCfg = Debug|Any CPU
		{28A640C0-1050-4ED0-9575-D2DBBA4782F3}.Debug|Any CPU.Build.0 = Debug|Any CPU
		{28A640C0-1050-4ED0-9575-D2DBBA4782F3}.Release|Any CPU.ActiveCfg = Release|Any CPU
		{28A640C0-1050-4ED0-9575-D2DBBA4782F3}.Release|Any CPU.Build.0 = Release|Any CPU
	EndGlobalSection
	GlobalSection(SolutionProperties) = preSolution
		HideSolutionNode = FALSE
	EndGlobalSection
	GlobalSection(ExtensibilityGlobals) = postSolution
		SolutionGuid = {1DF6BCF4-963A-498C-9DE7-5B82A89EAC77}
	EndGlobalSection
EndGlobal
